Microsoft Visual Studio Solution File, Format Version 12.00
# Visual Studio Version 17
VisualStudioVersion = 17.5.2.0
MinimumVisualStudioVersion = 10.0.40219.1
Project("{FAE04EC0-301F-11D3-BF4B-00C04F79EFBC}") = "MVC.Intro", "MVC.Intro.csproj", "{D4E1AF3D-014C-98D9-B34D-FD49BD93CDC7}"
EndProject
Global
	GlobalSection(SolutionConfigurationPlatforms) = preSolution
		Debug|Any CPU = Debug|Any CPU
		Release|Any CPU = Release|Any CPU
	EndGlobalSection
	GlobalSection(ProjectConfigurationPlatforms) = postSolution
		{D4E1AF3D-014C-98D9-B34D-FD49BD93CDC7}.Debug|Any CPU.ActiveCfg = Debug|Any CPU
		{D4E1AF3D-014C-98D9-B34D-FD49BD93CDC7}.Debug|Any CPU.Build.0 = Debug|Any CPU
		{D4E1AF3D-014C-98D9-B34D-FD49BD93CDC7}.Release|Any CPU.ActiveCfg = Release|Any CPU
		{D4E1AF3D-014C-98D9-B34D-FD49BD93CDC7}.Release|Any CPU.Build.0 = Release|Any CPU
	EndGlobalSection
	GlobalSection(SolutionProperties) = preSolution
		HideSolutionNode = FALSE
	EndGlobalSection
	GlobalSection(ExtensibilityGlobals) = postSolution
		SolutionGuid = {507E2297-9D39-45A3-8D03-CE2358279595}
	EndGlobalSection
EndGlobal
